
Microsoft Visual Studio Solution File, Format Version 12.00
# Visual Studio Version 16
VisualStudioVersion = 16.0.31702.278
MinimumVisualStudioVersion = 10.0.40219.1
Project("{FAE04EC0-301F-11D3-BF4B-00C04F79EFBC}") = "InventoryMangement", "InventoryMangement\InventoryMangement.csproj", "{47498A1C-B06E-427C-82B4-22DC75CFDD09}"
EndProject
Global
	GlobalSection(SolutionConfigurationPlatforms) = preSolution
		Debug|Any CPU = Debug|Any CPU
		Release|Any CPU = Release|Any CPU
	EndGlobalSection
	GlobalSection(ProjectConfigurationPlatforms) = postSolution
		{47498A1C-B06E-427C-82B4-22DC75CFDD09}.Debug|Any CPU.ActiveCfg = Debug|Any CPU
		{47498A1C-B06E-427C-82B4-22DC75CFDD09}.Debug|Any CPU.Build.0 = Debug|Any CPU
		{47498A1C-B06E-427C-82B4-22DC75CFDD09}.Release|Any CPU.ActiveCfg = Release|Any CPU
		{47498A1C-B06E-427C-82B4-22DC75CFDD09}.Release|Any CPU.Build.0 = Release|Any CPU
	EndGlobalSection
	GlobalSection(SolutionProperties) = preSolution
		HideSolutionNode = FALSE
	EndGlobalSection
	GlobalSection(ExtensibilityGlobals) = postSolution
		SolutionGuid = {DEF38FB6-0117-4415-A391-603BAE3BA29D}
	EndGlobalSection
EndGlobal
